
Microsoft Visual Studio Solution File, Format Version 12.00
# Visual Studio Version 17
VisualStudioVersion = 17.3.32929.385
MinimumVisualStudioVersion = 10.0.40219.1
Project("{FAE04EC0-301F-11D3-BF4B-00C04F79EFBC}") = "ExercSalasAlunos", "ExercSalasAlunos.csproj", "{ED46B5AF-EC46-4183-9162-3FD6ABD1699D}"
EndProject
Global
	GlobalSection(SolutionConfigurationPlatforms) = preSolution
		Debug|Any CPU = Debug|Any CPU
		Release|Any CPU = Release|Any CPU
	EndGlobalSection
	GlobalSection(ProjectConfigurationPlatforms) = postSolution
		{ED46B5AF-EC46-4183-9162-3FD6ABD1699D}.Debug|Any CPU.ActiveCfg = Debug|Any CPU
		{ED46B5AF-EC46-4183-9162-3FD6ABD1699D}.Debug|Any CPU.Build.0 = Debug|Any CPU
		{ED46B5AF-EC46-4183-9162-3FD6ABD1699D}.Release|Any CPU.ActiveCfg = Release|Any CPU
		{ED46B5AF-EC46-4183-9162-3FD6ABD1699D}.Release|Any CPU.Build.0 = Release|Any CPU
	EndGlobalSection
	GlobalSection(SolutionProperties) = preSolution
		HideSolutionNode = FALSE
	EndGlobalSection
	GlobalSection(ExtensibilityGlobals) = postSolution
		SolutionGuid = {C71A8A7F-2BD7-4FA7-971B-8F72756103B9}
	EndGlobalSection
EndGlobal
